
Microsoft Visual Studio Solution File, Format Version 12.00
# Visual Studio 14
VisualStudioVersion = 14.0.25420.1
MinimumVisualStudioVersion = 10.0.40219.1
Project("{D954291E-2A0B-460D-934E-DC6B0785DB48}") = "Keyed", "Keyed\Keyed.shproj", "{3AC2C278-49CD-4C62-A655-7FC42162E933}"
EndProject
Project("{FAE04EC0-301F-11D3-BF4B-00C04F79EFBC}") = "Keyed Plus", "Keyed Plus\Keyed Plus.csproj", "{72336DB9-E3A9-408E-B8CE-4949FDDE8181}"
EndProject
Global
	GlobalSection(SharedMSBuildProjectFiles) = preSolution
		Keyed\Keyed.projitems*{3ac2c278-49cd-4c62-a655-7fc42162e933}*SharedItemsImports = 13
	EndGlobalSection
	GlobalSection(SolutionConfigurationPlatforms) = preSolution
		Debug|Any CPU = Debug|Any CPU
		Release|Any CPU = Release|Any CPU
	EndGlobalSection
	GlobalSection(ProjectConfigurationPlatforms) = postSolution
		{72336DB9-E3A9-408E-B8CE-4949FDDE8181}.Debug|Any CPU.ActiveCfg = Debug|Any CPU
		{72336DB9-E3A9-408E-B8CE-4949FDDE8181}.Debug|Any CPU.Build.0 = Debug|Any CPU
		{72336DB9-E3A9-408E-B8CE-4949FDDE8181}.Release|Any CPU.ActiveCfg = Release|Any CPU
		{72336DB9-E3A9-408E-B8CE-4949FDDE8181}.Release|Any CPU.Build.0 = Release|Any CPU
	EndGlobalSection
	GlobalSection(SolutionProperties) = preSolution
		HideSolutionNode = FALSE
	EndGlobalSection
EndGlobal
