
Microsoft Visual Studio Solution File, Format Version 12.00
# Visual Studio 14
VisualStudioVersion = 14.0.25420.1
MinimumVisualStudioVersion = 10.0.40219.1
Project("{D954291E-2A0B-460D-934E-DC6B0785DB48}") = "Keyed", "Keyed\Keyed.shproj", "{3AC2C278-49CD-4C62-A655-7FC42162E933}"
EndProject
Global
	GlobalSection(SharedMSBuildProjectFiles) = preSolution
		Keyed\Keyed.projitems*{3ac2c278-49cd-4c62-a655-7fc42162e933}*SharedItemsImports = 13
	EndGlobalSection
	GlobalSection(SolutionProperties) = preSolution
		HideSolutionNode = FALSE
	EndGlobalSection
EndGlobal
